// !$*UTF8*$!
{
	archiveVersion = 1;
	classes = {
	};
	objectVersion = 56;
	objects = {

/* Begin PBXBuildFile section */
		F1D19AFC2BAA1F2800F8EEB4 /* AppDelegate.swift in Sources */ = {isa = PBXBuildFile; fileRef = F1D19AFB2BAA1F2800F8EEB4 /* AppDelegate.swift */; };
		F1D19AFE2BAA1F2800F8EEB4 /* SceneDelegate.swift in Sources */ = {isa = PBXBuildFile; fileRef = F1D19AFD2BAA1F2800F8EEB4 /* SceneDelegate.swift */; };
		F1D19B002BAA1F2800F8EEB4 /* WeatherViewController.swift in Sources */ = {isa = PBXBuildFile; fileRef = F1D19AFF2BAA1F2800F8EEB4 /* WeatherViewController.swift */; };
		F1D19B032BAA1F2800F8EEB4 /* Main.storyboard in Resources */ = {isa = PBXBuildFile; fileRef = F1D19B012BAA1F2800F8EEB4 /* Main.storyboard */; };
		F1D19B052BAA1F2900F8EEB4 /* Assets.xcassets in Resources */ = {isa = PBXBuildFile; fileRef = F1D19B042BAA1F2900F8EEB4 /* Assets.xcassets */; };
		F1D19B082BAA1F2900F8EEB4 /* LaunchScreen.storyboard in Resources */ = {isa = PBXBuildFile; fileRef = F1D19B062BAA1F2900F8EEB4 /* LaunchScreen.storyboard */; };
		F1D19B102BAA1F6500F8EEB4 /* WeatherData.swift in Sources */ = {isa = PBXBuildFile; fileRef = F1D19B0F2BAA1F6500F8EEB4 /* WeatherData.swift */; };
		F1D19B142BAA1FC600F8EEB4 /* NetworkManager.swift in Sources */ = {isa = PBXBuildFile; fileRef = F1D19B132BAA1FC600F8EEB4 /* NetworkManager.swift */; };
		F1D19B192BAA22F100F8EEB4 /* WeatherCityCell.swift in Sources */ = {isa = PBXBuildFile; fileRef = F1D19B182BAA22F100F8EEB4 /* WeatherCityCell.swift */; };
		F1D19B1C2BAC479700F8EEB4 /* CurrentWeatherViewController.swift in Sources */ = {isa = PBXBuildFile; fileRef = F1D19B1B2BAC479700F8EEB4 /* CurrentWeatherViewController.swift */; };
		F1D19B1F2BADC69300F8EEB4 /* Alamofire in Frameworks */ = {isa = PBXBuildFile; productRef = F1D19B1E2BADC69300F8EEB4 /* Alamofire */; };
/* End PBXBuildFile section */

/* Begin PBXFileReference section */
		F1D19AF82BAA1F2800F8EEB4 /* WeatherBase.app */ = {isa = PBXFileReference; explicitFileType = wrapper.application; includeInIndex = 0; path = WeatherBase.app; sourceTree = BUILT_PRODUCTS_DIR; };
		F1D19AFB2BAA1F2800F8EEB4 /* AppDelegate.swift */ = {isa = PBXFileReference; lastKnownFileType = sourcecode.swift; path = AppDelegate.swift; sourceTree = "<group>"; };
		F1D19AFD2BAA1F2800F8EEB4 /* SceneDelegate.swift */ = {isa = PBXFileReference; lastKnownFileType = sourcecode.swift; path = SceneDelegate.swift; sourceTree = "<group>"; };
		F1D19AFF2BAA1F2800F8EEB4 /* WeatherViewController.swift */ = {isa = PBXFileReference; lastKnownFileType = sourcecode.swift; path = WeatherViewController.swift; sourceTree = "<group>"; };
		F1D19B022BAA1F2800F8EEB4 /* Base */ = {isa = PBXFileReference; lastKnownFileType = file.storyboard; name = Base; path = Base.lproj/Main.storyboard; sourceTree = "<group>"; };
		F1D19B042BAA1F2900F8EEB4 /* Assets.xcassets */ = {isa = PBXFileReference; lastKnownFileType = folder.assetcatalog; path = Assets.xcassets; sourceTree = "<group>"; };
		F1D19B072BAA1F2900F8EEB4 /* Base */ = {isa = PBXFileReference; lastKnownFileType = file.storyboard; name = Base; path = Base.lproj/LaunchScreen.storyboard; sourceTree = "<group>"; };
		F1D19B092BAA1F2900F8EEB4 /* Info.plist */ = {isa = PBXFileReference; lastKnownFileType = text.plist.xml; path = Info.plist; sourceTree = "<group>"; };
		F1D19B0F2BAA1F6500F8EEB4 /* WeatherData.swift */ = {isa = PBXFileReference; lastKnownFileType = sourcecode.swift; path = WeatherData.swift; sourceTree = "<group>"; };
		F1D19B132BAA1FC600F8EEB4 /* NetworkManager.swift */ = {isa = PBXFileReference; lastKnownFileType = sourcecode.swift; path = NetworkManager.swift; sourceTree = "<group>"; };
		F1D19B182BAA22F100F8EEB4 /* WeatherCityCell.swift */ = {isa = PBXFileReference; lastKnownFileType = sourcecode.swift; path = WeatherCityCell.swift; sourceTree = "<group>"; };
		F1D19B1B2BAC479700F8EEB4 /* CurrentWeatherViewController.swift */ = {isa = PBXFileReference; lastKnownFileType = sourcecode.swift; path = CurrentWeatherViewController.swift; sourceTree = "<group>"; };
/* End PBXFileReference section */

/* Begin PBXFrameworksBuildPhase section */
		F1D19AF52BAA1F2800F8EEB4 /* Frameworks */ = {
			isa = PBXFrameworksBuildPhase;
			buildActionMask = 2147483647;
			files = (
				F1D19B1F2BADC69300F8EEB4 /* Alamofire in Frameworks */,
			);
			runOnlyForDeploymentPostprocessing = 0;
		};
/* End PBXFrameworksBuildPhase section */

/* Begin PBXGroup section */
		F1D19AEF2BAA1F2800F8EEB4 = {
			isa = PBXGroup;
			children = (
				F1D19AFA2BAA1F2800F8EEB4 /* WeatherBase */,
				F1D19AF92BAA1F2800F8EEB4 /* Products */,
			);
			sourceTree = "<group>";
		};
		F1D19AF92BAA1F2800F8EEB4 /* Products */ = {
			isa = PBXGroup;
			children = (
				F1D19AF82BAA1F2800F8EEB4 /* WeatherBase.app */,
			);
			name = Products;
			sourceTree = "<group>";
		};
		F1D19AFA2BAA1F2800F8EEB4 /* WeatherBase */ = {
			isa = PBXGroup;
			children = (
				F1D19B112BAA1F6C00F8EEB4 /* Models */,
				F1D19B122BAA1FA300F8EEB4 /* Servises */,
				F1D19B152BAA1FE800F8EEB4 /* ViewCotrollers */,
				F1D19B172BAA22C800F8EEB4 /* Views */,
				F1D19B162BAA20A700F8EEB4 /* StoryBoards */,
				F1D19B1A2BAB520F00F8EEB4 /* App */,
				F1D19B042BAA1F2900F8EEB4 /* Assets.xcassets */,
				F1D19B092BAA1F2900F8EEB4 /* Info.plist */,
			);
			path = WeatherBase;
			sourceTree = "<group>";
		};
		F1D19B112BAA1F6C00F8EEB4 /* Models */ = {
			isa = PBXGroup;
			children = (
				F1D19B0F2BAA1F6500F8EEB4 /* WeatherData.swift */,
			);
			path = Models;
			sourceTree = "<group>";
		};
		F1D19B122BAA1FA300F8EEB4 /* Servises */ = {
			isa = PBXGroup;
			children = (
				F1D19B132BAA1FC600F8EEB4 /* NetworkManager.swift */,
			);
			path = Servises;
			sourceTree = "<group>";
		};
		F1D19B152BAA1FE800F8EEB4 /* ViewCotrollers */ = {
			isa = PBXGroup;
			children = (
				F1D19AFF2BAA1F2800F8EEB4 /* WeatherViewController.swift */,
				F1D19B1B2BAC479700F8EEB4 /* CurrentWeatherViewController.swift */,
			);
			path = ViewCotrollers;
			sourceTree = "<group>";
		};
		F1D19B162BAA20A700F8EEB4 /* StoryBoards */ = {
			isa = PBXGroup;
			children = (
				F1D19B012BAA1F2800F8EEB4 /* Main.storyboard */,
				F1D19B062BAA1F2900F8EEB4 /* LaunchScreen.storyboard */,
			);
			path = StoryBoards;
			sourceTree = "<group>";
		};
		F1D19B172BAA22C800F8EEB4 /* Views */ = {
			isa = PBXGroup;
			children = (
				F1D19B182BAA22F100F8EEB4 /* WeatherCityCell.swift */,
			);
			path = Views;
			sourceTree = "<group>";
		};
		F1D19B1A2BAB520F00F8EEB4 /* App */ = {
			isa = PBXGroup;
			children = (
				F1D19AFB2BAA1F2800F8EEB4 /* AppDelegate.swift */,
				F1D19AFD2BAA1F2800F8EEB4 /* SceneDelegate.swift */,
			);
			path = App;
			sourceTree = "<group>";
		};
/* End PBXGroup section */

/* Begin PBXNativeTarget section */
		F1D19AF72BAA1F2800F8EEB4 /* WeatherBase */ = {
			isa = PBXNativeTarget;
			buildConfigurationList = F1D19B0C2BAA1F2900F8EEB4 /* Build configuration list for PBXNativeTarget "WeatherBase" */;
			buildPhases = (
				F1D19AF42BAA1F2800F8EEB4 /* Sources */,
				F1D19AF52BAA1F2800F8EEB4 /* Frameworks */,
				F1D19AF62BAA1F2800F8EEB4 /* Resources */,
			);
			buildRules = (
			);
			dependencies = (
			);
			name = WeatherBase;
			packageProductDependencies = (
				F1D19B1E2BADC69300F8EEB4 /* Alamofire */,
			);
			productName = WeatherBase;
			productReference = F1D19AF82BAA1F2800F8EEB4 /* WeatherBase.app */;
			productType = "com.apple.product-type.application";
		};
/* End PBXNativeTarget section */

/* Begin PBXProject section */
		F1D19AF02BAA1F2800F8EEB4 /* Project object */ = {
			isa = PBXProject;
			attributes = {
				BuildIndependentTargetsInParallel = 1;
				LastSwiftUpdateCheck = 1520;
				LastUpgradeCheck = 1520;
				TargetAttributes = {
					F1D19AF72BAA1F2800F8EEB4 = {
						CreatedOnToolsVersion = 15.2;
					};
				};
			};
			buildConfigurationList = F1D19AF32BAA1F2800F8EEB4 /* Build configuration list for PBXProject "WeatherBase" */;
			compatibilityVersion = "Xcode 14.0";
			developmentRegion = en;
			hasScannedForEncodings = 0;
			knownRegions = (
				en,
				Base,
			);
			mainGroup = F1D19AEF2BAA1F2800F8EEB4;
			packageReferences = (
				F1D19B1D2BADC69300F8EEB4 /* XCRemoteSwiftPackageReference "Alamofire" */,
			);
			productRefGroup = F1D19AF92BAA1F2800F8EEB4 /* Products */;
			projectDirPath = "";
			projectRoot = "";
			targets = (
				F1D19AF72BAA1F2800F8EEB4 /* WeatherBase */,
			);
		};
/* End PBXProject section */

/* Begin PBXResourcesBuildPhase section */
		F1D19AF62BAA1F2800F8EEB4 /* Resources */ = {
			isa = PBXResourcesBuildPhase;
			buildActionMask = 2147483647;
			files = (
				F1D19B082BAA1F2900F8EEB4 /* LaunchScreen.storyboard in Resources */,
				F1D19B052BAA1F2900F8EEB4 /* Assets.xcassets in Resources */,
				F1D19B032BAA1F2800F8EEB4 /* Main.storyboard in Resources */,
			);
			runOnlyForDeploymentPostprocessing = 0;
		};
/* End PBXResourcesBuildPhase section */

/* Begin PBXSourcesBuildPhase section */
		F1D19AF42BAA1F2800F8EEB4 /* Sources */ = {
			isa = PBXSourcesBuildPhase;
			buildActionMask = 2147483647;
			files = (
				F1D19B002BAA1F2800F8EEB4 /* WeatherViewController.swift in Sources */,
				F1D19AFC2BAA1F2800F8EEB4 /* AppDelegate.swift in Sources */,
				F1D19B142BAA1FC600F8EEB4 /* NetworkManager.swift in Sources */,
				F1D19B1C2BAC479700F8EEB4 /* CurrentWeatherViewController.swift in Sources */,
				F1D19B192BAA22F100F8EEB4 /* WeatherCityCell.swift in Sources */,
				F1D19B102BAA1F6500F8EEB4 /* WeatherData.swift in Sources */,
				F1D19AFE2BAA1F2800F8EEB4 /* SceneDelegate.swift in Sources */,
			);
			runOnlyForDeploymentPostprocessing = 0;
		};
/* End PBXSourcesBuildPhase section */

/* Begin PBXVariantGroup section */
		F1D19B012BAA1F2800F8EEB4 /* Main.storyboard */ = {
			isa = PBXVariantGroup;
			children = (
				F1D19B022BAA1F2800F8EEB4 /* Base */,
			);
			name = Main.storyboard;
			sourceTree = "<group>";
		};
		F1D19B062BAA1F2900F8EEB4 /* LaunchScreen.storyboard */ = {
			isa = PBXVariantGroup;
			children = (
				F1D19B072BAA1F2900F8EEB4 /* Base */,
			);
			name = LaunchScreen.storyboard;
			sourceTree = "<group>";
		};
/* End PBXVariantGroup section */

/* Begin XCBuildConfiguration section */
		F1D19B0A2BAA1F2900F8EEB4 /* Debug */ = {
			isa = XCBuildConfiguration;
			buildSettings = {
				ALWAYS_SEARCH_USER_PATHS = NO;
				ASSETCATALOG_COMPILER_GENERATE_SWIFT_ASSET_SYMBOL_EXTENSIONS = YES;
				CLANG_ANALYZER_NONNULL = YES;
				CLANG_ANALYZER_NUMBER_OBJECT_CONVERSION = YES_AGGRESSIVE;
				CLANG_CXX_LANGUAGE_STANDARD = "gnu++20";
				CLANG_ENABLE_MODULES = YES;
				CLANG_ENABLE_OBJC_ARC = YES;
				CLANG_ENABLE_OBJC_WEAK = YES;
				CLANG_WARN_BLOCK_CAPTURE_AUTORELEASING = YES;
				CLANG_WARN_BOOL_CONVERSION = YES;
				CLANG_WARN_COMMA = YES;
				CLANG_WARN_CONSTANT_CONVERSION = YES;
				CLANG_WARN_DEPRECATED_OBJC_IMPLEMENTATIONS = YES;
				CLANG_WARN_DIRECT_OBJC_ISA_USAGE = YES_ERROR;
				CLANG_WARN_DOCUMENTATION_COMMENTS = YES;
				CLANG_WARN_EMPTY_BODY = YES;
				CLANG_WARN_ENUM_CONVERSION = YES;
				CLANG_WARN_INFINITE_RECURSION = YES;
				CLANG_WARN_INT_CONVERSION = YES;
				CLANG_WARN_NON_LITERAL_NULL_CONVERSION = YES;
				CLANG_WARN_OBJC_IMPLICIT_RETAIN_SELF = YES;
				CLANG_WARN_OBJC_LITERAL_CONVERSION = YES;
				CLANG_WARN_OBJC_ROOT_CLASS = YES_ERROR;
				CLANG_WARN_QUOTED_INCLUDE_IN_FRAMEWORK_HEADER = YES;
				CLANG_WARN_RANGE_LOOP_ANALYSIS = YES;
				CLANG_WARN_STRICT_PROTOTYPES = YES;
				CLANG_WARN_SUSPICIOUS_MOVE = YES;
				CLANG_WARN_UNGUARDED_AVAILABILITY = YES_AGGRESSIVE;
				CLANG_WARN_UNREACHABLE_CODE = YES;
				CLANG_WARN__DUPLICATE_METHOD_MATCH = YES;
				COPY_PHASE_STRIP = NO;
				DEBUG_INFORMATION_FORMAT = dwarf;
				ENABLE_STRICT_OBJC_MSGSEND = YES;
				ENABLE_TESTABILITY = YES;
				ENABLE_USER_SCRIPT_SANDBOXING = YES;
				GCC_C_LANGUAGE_STANDARD = gnu17;
				GCC_DYNAMIC_NO_PIC = NO;
				GCC_NO_COMMON_BLOCKS = YES;
				GCC_OPTIMIZATION_LEVEL = 0;
				GCC_PREPROCESSOR_DEFINITIONS = (
					"DEBUG=1",
					"$(inherited)",
				);
				GCC_WARN_64_TO_32_BIT_CONVERSION = YES;
				GCC_WARN_ABOUT_RETURN_TYPE = YES_ERROR;
				GCC_WARN_UNDECLARED_SELECTOR = YES;
				GCC_WARN_UNINITIALIZED_AUTOS = YES_AGGRESSIVE;
				GCC_WARN_UNUSED_FUNCTION = YES;
				GCC_WARN_UNUSED_VARIABLE = YES;
				IPHONEOS_DEPLOYMENT_TARGET = 17.2;
				LOCALIZATION_PREFERS_STRING_CATALOGS = YES;
				MTL_ENABLE_DEBUG_INFO = INCLUDE_SOURCE;
				MTL_FAST_MATH = YES;
				ONLY_ACTIVE_ARCH = YES;
				SDKROOT = iphoneos;
				SWIFT_ACTIVE_COMPILATION_CONDITIONS = "DEBUG $(inherited)";
				SWIFT_OPTIMIZATION_LEVEL = "-Onone";
			};
			name = Debug;
		};
		F1D19B0B2BAA1F2900F8EEB4 /* Release */ = {
			isa = XCBuildConfiguration;
			buildSettings = {
				ALWAYS_SEARCH_USER_PATHS = NO;
				ASSETCATALOG_COMPILER_GENERATE_SWIFT_ASSET_SYMBOL_EXTENSIONS = YES;
				CLANG_ANALYZER_NONNULL = YES;
				CLANG_ANALYZER_NUMBER_OBJECT_CONVERSION = YES_AGGRESSIVE;
				CLANG_CXX_LANGUAGE_STANDARD = "gnu++20";
				CLANG_ENABLE_MODULES = YES;
				CLANG_ENABLE_OBJC_ARC = YES;
				CLANG_ENABLE_OBJC_WEAK = YES;
				CLANG_WARN_BLOCK_CAPTURE_AUTORELEASING = YES;
				CLANG_WARN_BOOL_CONVERSION = YES;
				CLANG_WARN_COMMA = YES;
				CLANG_WARN_CONSTANT_CONVERSION = YES;
				CLANG_WARN_DEPRECATED_OBJC_IMPLEMENTATIONS = YES;
				CLANG_WARN_DIRECT_OBJC_ISA_USAGE = YES_ERROR;
				CLANG_WARN_DOCUMENTATION_COMMENTS = YES;
				CLANG_WARN_EMPTY_BODY = YES;
				CLANG_WARN_ENUM_CONVERSION = YES;
				CLANG_WARN_INFINITE_RECURSION = YES;
				CLANG_WARN_INT_CONVERSION = YES;
				CLANG_WARN_NON_LITERAL_NULL_CONVERSION = YES;
				CLANG_WARN_OBJC_IMPLICIT_RETAIN_SELF = YES;
				CLANG_WARN_OBJC_LITERAL_CONVERSION = YES;
				CLANG_WARN_OBJC_ROOT_CLASS = YES_ERROR;
				CLANG_WARN_QUOTED_INCLUDE_IN_FRAMEWORK_HEADER = YES;
				CLANG_WARN_RANGE_LOOP_ANALYSIS = YES;
				CLANG_WARN_STRICT_PROTOTYPES = YES;
				CLANG_WARN_SUSPICIOUS_MOVE = YES;
				CLANG_WARN_UNGUARDED_AVAILABILITY = YES_AGGRESSIVE;
				CLANG_WARN_UNREACHABLE_CODE = YES;
				CLANG_WARN__DUPLICATE_METHOD_MATCH = YES;
				COPY_PHASE_STRIP = NO;
				DEBUG_INFORMATION_FORMAT = "dwarf-with-dsym";
				ENABLE_NS_ASSERTIONS = NO;
				ENABLE_STRICT_OBJC_MSGSEND = YES;
				ENABLE_USER_SCRIPT_SANDBOXING = YES;
				GCC_C_LANGUAGE_STANDARD = gnu17;
				GCC_NO_COMMON_BLOCKS = YES;
				GCC_WARN_64_TO_32_BIT_CONVERSION = YES;
				GCC_WARN_ABOUT_RETURN_TYPE = YES_ERROR;
				GCC_WARN_UNDECLARED_SELECTOR = YES;
				GCC_WARN_UNINITIALIZED_AUTOS = YES_AGGRESSIVE;
				GCC_WARN_UNUSED_FUNCTION = YES;
				GCC_WARN_UNUSED_VARIABLE = YES;
				IPHONEOS_DEPLOYMENT_TARGET = 17.2;
				LOCALIZATION_PREFERS_STRING_CATALOGS = YES;
				MTL_ENABLE_DEBUG_INFO = NO;
				MTL_FAST_MATH = YES;
				SDKROOT = iphoneos;
				SWIFT_COMPILATION_MODE = wholemodule;
				VALIDATE_PRODUCT = YES;
			};
			name = Release;
		};
		F1D19B0D2BAA1F2900F8EEB4 /* Debug */ = {
			isa = XCBuildConfiguration;
			buildSettings = {
				ASSETCATALOG_COMPILER_APPICON_NAME = AppIcon;
				ASSETCATALOG_COMPILER_GLOBAL_ACCENT_COLOR_NAME = AccentColor;
				CODE_SIGN_STYLE = Automatic;
				CURRENT_PROJECT_VERSION = 1;
				GENERATE_INFOPLIST_FILE = YES;
				INFOPLIST_FILE = WeatherBase/Info.plist;
				INFOPLIST_KEY_UIApplicationSupportsIndirectInputEvents = YES;
				INFOPLIST_KEY_UILaunchStoryboardName = LaunchScreen;
				INFOPLIST_KEY_UIMainStoryboardFile = Main;
				INFOPLIST_KEY_UISupportedInterfaceOrientations = "UIInterfaceOrientationLandscapeLeft UIInterfaceOrientationLandscapeRight UIInterfaceOrientationPortrait";
				INFOPLIST_KEY_UISupportedInterfaceOrientations_iPad = "UIInterfaceOrientationLandscapeLeft UIInterfaceOrientationLandscapeRight UIInterfaceOrientationPortrait UIInterfaceOrientationPortraitUpsideDown";
				LD_RUNPATH_SEARCH_PATHS = (
					"$(inherited)",
					"@executable_path/Frameworks",
				);
				MARKETING_VERSION = 1.0;
				PRODUCT_BUNDLE_IDENTIFIER = artur.WeatherBase;
				PRODUCT_NAME = "$(TARGET_NAME)";
				SUPPORTED_PLATFORMS = "iphoneos iphonesimulator";
				SUPPORTS_MACCATALYST = NO;
				SUPPORTS_MAC_DESIGNED_FOR_IPHONE_IPAD = NO;
				SUPPORTS_XR_DESIGNED_FOR_IPHONE_IPAD = NO;
				SWIFT_EMIT_LOC_STRINGS = YES;
				SWIFT_VERSION = 5.0;
				TARGETED_DEVICE_FAMILY = 1;
			};
			name = Debug;
		};
		F1D19B0E2BAA1F2900F8EEB4 /* Release */ = {
			isa = XCBuildConfiguration;
			buildSettings = {
				ASSETCATALOG_COMPILER_APPICON_NAME = AppIcon;
				ASSETCATALOG_COMPILER_GLOBAL_ACCENT_COLOR_NAME = AccentColor;
				CODE_SIGN_STYLE = Automatic;
				CURRENT_PROJECT_VERSION = 1;
				GENERATE_INFOPLIST_FILE = YES;
				INFOPLIST_FILE = WeatherBase/Info.plist;
				INFOPLIST_KEY_UIApplicationSupportsIndirectInputEvents = YES;
				INFOPLIST_KEY_UILaunchStoryboardName = LaunchScreen;
				INFOPLIST_KEY_UIMainStoryboardFile = Main;
				INFOPLIST_KEY_UISupportedInterfaceOrientations = "UIInterfaceOrientationLandscapeLeft UIInterfaceOrientationLandscapeRight UIInterfaceOrientationPortrait";
				INFOPLIST_KEY_UISupportedInterfaceOrientations_iPad = "UIInterfaceOrientationLandscapeLeft UIInterfaceOrientationLandscapeRight UIInterfaceOrientationPortrait UIInterfaceOrientationPortraitUpsideDown";
				LD_RUNPATH_SEARCH_PATHS = (
					"$(inherited)",
					"@executable_path/Frameworks",
				);
				MARKETING_VERSION = 1.0;
				PRODUCT_BUNDLE_IDENTIFIER = artur.WeatherBase;
				PRODUCT_NAME = "$(TARGET_NAME)";
				SUPPORTED_PLATFORMS = "iphoneos iphonesimulator";
				SUPPORTS_MACCATALYST = NO;
				SUPPORTS_MAC_DESIGNED_FOR_IPHONE_IPAD = NO;
				SUPPORTS_XR_DESIGNED_FOR_IPHONE_IPAD = NO;
				SWIFT_EMIT_LOC_STRINGS = YES;
				SWIFT_VERSION = 5.0;
				TARGETED_DEVICE_FAMILY = 1;
			};
			name = Release;
		};
/* End XCBuildConfiguration section */

/* Begin XCConfigurationList section */
		F1D19AF32BAA1F2800F8EEB4 /* Build configuration list for PBXProject "WeatherBase" */ = {
			isa = XCConfigurationList;
			buildConfigurations = (
				F1D19B0A2BAA1F2900F8EEB4 /* Debug */,
				F1D19B0B2BAA1F2900F8EEB4 /* Release */,
			);
			defaultConfigurationIsVisible = 0;
			defaultConfigurationName = Release;
		};
		F1D19B0C2BAA1F2900F8EEB4 /* Build configuration list for PBXNativeTarget "WeatherBase" */ = {
			isa = XCConfigurationList;
			buildConfigurations = (
				F1D19B0D2BAA1F2900F8EEB4 /* Debug */,
				F1D19B0E2BAA1F2900F8EEB4 /* Release */,
			);
			defaultConfigurationIsVisible = 0;
			defaultConfigurationName = Release;
		};
/* End XCConfigurationList section */

/* Begin XCRemoteSwiftPackageReference section */
		F1D19B1D2BADC69300F8EEB4 /* XCRemoteSwiftPackageReference "Alamofire" */ = {
			isa = XCRemoteSwiftPackageReference;
			repositoryURL = "https://github.com/Alamofire/Alamofire";
			requirement = {
				kind = exactVersion;
				version = 5.0.0;
			};
		};
/* End XCRemoteSwiftPackageReference section */

/* Begin XCSwiftPackageProductDependency section */
		F1D19B1E2BADC69300F8EEB4 /* Alamofire */ = {
			isa = XCSwiftPackageProductDependency;
			package = F1D19B1D2BADC69300F8EEB4 /* XCRemoteSwiftPackageReference "Alamofire" */;
			productName = Alamofire;
		};
/* End XCSwiftPackageProductDependency section */
	};
	rootObject = F1D19AF02BAA1F2800F8EEB4 /* Project object */;
}
